
Microsoft Visual Studio Solution File, Format Version 12.00
# Visual Studio 15
VisualStudioVersion = 15.0.28307.168
MinimumVisualStudioVersion = 10.0.40219.1
Project("{9A19103F-16F7-4668-BE54-9A1E7A4F7556}") = "ChunkDecoder", "ChunkDecoder\ChunkDecoder.csproj", "{0002EC89-1AFB-4E8B-A8E3-1C22C59F800B}"
EndProject
Project("{FAE04EC0-301F-11D3-BF4B-00C04F79EFBC}") = "Test", "Test\Test.csproj", "{20BAA67E-626A-4AE0-893E-CB9073F41104}"
EndProject
Global
	GlobalSection(SolutionConfigurationPlatforms) = preSolution
		Debug|Any CPU = Debug|Any CPU
		Release|Any CPU = Release|Any CPU
	EndGlobalSection
	GlobalSection(ProjectConfigurationPlatforms) = postSolution
		{0002EC89-1AFB-4E8B-A8E3-1C22C59F800B}.Debug|Any CPU.ActiveCfg = Debug|Any CPU
		{0002EC89-1AFB-4E8B-A8E3-1C22C59F800B}.Debug|Any CPU.Build.0 = Debug|Any CPU
		{0002EC89-1AFB-4E8B-A8E3-1C22C59F800B}.Release|Any CPU.ActiveCfg = Release|Any CPU
		{0002EC89-1AFB-4E8B-A8E3-1C22C59F800B}.Release|Any CPU.Build.0 = Release|Any CPU
		{20BAA67E-626A-4AE0-893E-CB9073F41104}.Debug|Any CPU.ActiveCfg = Debug|Any CPU
		{20BAA67E-626A-4AE0-893E-CB9073F41104}.Debug|Any CPU.Build.0 = Debug|Any CPU
		{20BAA67E-626A-4AE0-893E-CB9073F41104}.Release|Any CPU.ActiveCfg = Release|Any CPU
		{20BAA67E-626A-4AE0-893E-CB9073F41104}.Release|Any CPU.Build.0 = Release|Any CPU
	EndGlobalSection
	GlobalSection(SolutionProperties) = preSolution
		HideSolutionNode = FALSE
	EndGlobalSection
	GlobalSection(ExtensibilityGlobals) = postSolution
		SolutionGuid = {922183C7-9FE1-4ABD-8A27-5A18AB33C175}
	EndGlobalSection
EndGlobal
